// !$*UTF8*$!
{
	archiveVersion = 1;
	classes = {
	};
	objectVersion = 46;
	objects = {

/* Begin PBXBuildFile section */
		661416B520F295CB003A271D /* AppDelegate.swift in Sources */ = {isa = PBXBuildFile; fileRef = 6614169E20F295CB003A271D /* AppDelegate.swift */; };
		661416B620F295CB003A271D /* Array.swift in Sources */ = {isa = PBXBuildFile; fileRef = 6614169F20F295CB003A271D /* Array.swift */; };
		661416B720F295CB003A271D /* LaunchScreen.xib in Resources */ = {isa = PBXBuildFile; fileRef = 661416A020F295CB003A271D /* LaunchScreen.xib */; };
		661416B920F295CB003A271D /* BedazzledTableViewCell.swift in Sources */ = {isa = PBXBuildFile; fileRef = 661416A420F295CB003A271D /* BedazzledTableViewCell.swift */; };
		661416BA20F295CB003A271D /* BedazzledTableViewCell.xib in Resources */ = {isa = PBXBuildFile; fileRef = 661416A520F295CB003A271D /* BedazzledTableViewCell.xib */; };
		661416BB20F295CB003A271D /* CellTypesTableViewController.swift in Sources */ = {isa = PBXBuildFile; fileRef = 661416A620F295CB003A271D /* CellTypesTableViewController.swift */; };
		661416BC20F295CB003A271D /* EditingViewController.swift in Sources */ = {isa = PBXBuildFile; fileRef = 661416A720F295CB003A271D /* EditingViewController.swift */; };
		661416BD20F295CB003A271D /* ExampleCollectionViewController.swift in Sources */ = {isa = PBXBuildFile; fileRef = 661416A820F295CB003A271D /* ExampleCollectionViewController.swift */; };
		661416BE20F295CB003A271D /* ImageCollectionViewCell.swift in Sources */ = {isa = PBXBuildFile; fileRef = 661416A920F295CB003A271D /* ImageCollectionViewCell.swift */; };
		661416BF20F295CB003A271D /* ImageCollectionViewCell.xib in Resources */ = {isa = PBXBuildFile; fileRef = 661416AA20F295CB003A271D /* ImageCollectionViewCell.xib */; };
		661416C020F295CB003A271D /* Images.xcassets in Resources */ = {isa = PBXBuildFile; fileRef = 661416AB20F295CB003A271D /* Images.xcassets */; };
		661416C120F295CB003A271D /* Info.plist in Resources */ = {isa = PBXBuildFile; fileRef = 661416AC20F295CB003A271D /* Info.plist */; };
		661416C220F295CB003A271D /* InformationCollectionReusableView.swift in Sources */ = {isa = PBXBuildFile; fileRef = 661416AD20F295CB003A271D /* InformationCollectionReusableView.swift */; };
		661416C320F295CB003A271D /* InformationCollectionReusableView.xib in Resources */ = {isa = PBXBuildFile; fileRef = 661416AE20F295CB003A271D /* InformationCollectionReusableView.xib */; };
		661416C420F295CB003A271D /* InformationHeaderFooterView.swift in Sources */ = {isa = PBXBuildFile; fileRef = 661416AF20F295CB003A271D /* InformationHeaderFooterView.swift */; };
		661416C520F295CB003A271D /* InformationHeaderFooterView.xib in Resources */ = {isa = PBXBuildFile; fileRef = 661416B020F295CB003A271D /* InformationHeaderFooterView.xib */; };
		661416C620F295CB003A271D /* MenuViewController.swift in Sources */ = {isa = PBXBuildFile; fileRef = 661416B120F295CB003A271D /* MenuViewController.swift */; };
		661416C720F295CB003A271D /* Middleware.swift in Sources */ = {isa = PBXBuildFile; fileRef = 661416B220F295CB003A271D /* Middleware.swift */; };
		661416C820F295CB003A271D /* MiddlewareViewController.swift in Sources */ = {isa = PBXBuildFile; fileRef = 661416B320F295CB003A271D /* MiddlewareViewController.swift */; };
		661416C920F295CB003A271D /* SubtitleTableViewCell.swift in Sources */ = {isa = PBXBuildFile; fileRef = 661416B420F295CB003A271D /* SubtitleTableViewCell.swift */; };
		661416CB20F2964F003A271D /* Sorcery.podspec in Resources */ = {isa = PBXBuildFile; fileRef = 661416CA20F2964F003A271D /* Sorcery.podspec */; };
		66CD41C920DC7E030045E2AD /* SorceryTests.swift in Sources */ = {isa = PBXBuildFile; fileRef = 66CD41C820DC7E030045E2AD /* SorceryTests.swift */; };
		8674CDE978D90661F1B29929 /* Pods_Sorcery_Example_SorceryTests.framework in Frameworks */ = {isa = PBXBuildFile; fileRef = 1E675341B121D8C1C05D5F2F /* Pods_Sorcery_Example_SorceryTests.framework */; };
		D67D829262BB15114F02DE72 /* Pods_Sorcery_Example.framework in Frameworks */ = {isa = PBXBuildFile; fileRef = 459AE6629C3C997CCFD80D14 /* Pods_Sorcery_Example.framework */; };
/* End PBXBuildFile section */

/* Begin PBXContainerItemProxy section */
		66CD41CB20DC7E030045E2AD /* PBXContainerItemProxy */ = {
			isa = PBXContainerItemProxy;
			containerPortal = 607FACC81AFB9204008FA782 /* Project object */;
			proxyType = 1;
			remoteGlobalIDString = 607FACCF1AFB9204008FA782;
			remoteInfo = Sorcery_Example;
		};
/* End PBXContainerItemProxy section */

/* Begin PBXFileReference section */
		1E675341B121D8C1C05D5F2F /* Pods_Sorcery_Example_SorceryTests.framework */ = {isa = PBXFileReference; explicitFileType = wrapper.framework; includeInIndex = 0; path = Pods_Sorcery_Example_SorceryTests.framework; sourceTree = BUILT_PRODUCTS_DIR; };
		459AE6629C3C997CCFD80D14 /* Pods_Sorcery_Example.framework */ = {isa = PBXFileReference; explicitFileType = wrapper.framework; includeInIndex = 0; path = Pods_Sorcery_Example.framework; sourceTree = BUILT_PRODUCTS_DIR; };
		5870648FE14B89B3067D13D5 /* Pods-Sorcery_Example-SorceryTests.debug.xcconfig */ = {isa = PBXFileReference; includeInIndex = 1; lastKnownFileType = text.xcconfig; name = "Pods-Sorcery_Example-SorceryTests.debug.xcconfig"; path = "Pods/Target Support Files/Pods-Sorcery_Example-SorceryTests/Pods-Sorcery_Example-SorceryTests.debug.xcconfig"; sourceTree = "<group>"; };
		607FACD01AFB9204008FA782 /* Sorcery_Example.app */ = {isa = PBXFileReference; explicitFileType = wrapper.application; includeInIndex = 0; path = Sorcery_Example.app; sourceTree = BUILT_PRODUCTS_DIR; };
		6614169E20F295CB003A271D /* AppDelegate.swift */ = {isa = PBXFileReference; fileEncoding = 4; lastKnownFileType = sourcecode.swift; path = AppDelegate.swift; sourceTree = "<group>"; };
		6614169F20F295CB003A271D /* Array.swift */ = {isa = PBXFileReference; fileEncoding = 4; lastKnownFileType = sourcecode.swift; path = Array.swift; sourceTree = "<group>"; };
		661416A120F295CB003A271D /* Base */ = {isa = PBXFileReference; lastKnownFileType = file.xib; name = Base; path = Base.lproj/LaunchScreen.xib; sourceTree = "<group>"; };
		661416A420F295CB003A271D /* BedazzledTableViewCell.swift */ = {isa = PBXFileReference; fileEncoding = 4; lastKnownFileType = sourcecode.swift; path = BedazzledTableViewCell.swift; sourceTree = "<group>"; };
		661416A520F295CB003A271D /* BedazzledTableViewCell.xib */ = {isa = PBXFileReference; fileEncoding = 4; lastKnownFileType = file.xib; path = BedazzledTableViewCell.xib; sourceTree = "<group>"; };
		661416A620F295CB003A271D /* CellTypesTableViewController.swift */ = {isa = PBXFileReference; fileEncoding = 4; lastKnownFileType = sourcecode.swift; path = CellTypesTableViewController.swift; sourceTree = "<group>"; };
		661416A720F295CB003A271D /* EditingViewController.swift */ = {isa = PBXFileReference; fileEncoding = 4; lastKnownFileType = sourcecode.swift; path = EditingViewController.swift; sourceTree = "<group>"; };
		661416A820F295CB003A271D /* ExampleCollectionViewController.swift */ = {isa = PBXFileReference; fileEncoding = 4; lastKnownFileType = sourcecode.swift; path = ExampleCollectionViewController.swift; sourceTree = "<group>"; };
		661416A920F295CB003A271D /* ImageCollectionViewCell.swift */ = {isa = PBXFileReference; fileEncoding = 4; lastKnownFileType = sourcecode.swift; path = ImageCollectionViewCell.swift; sourceTree = "<group>"; };
		661416AA20F295CB003A271D /* ImageCollectionViewCell.xib */ = {isa = PBXFileReference; fileEncoding = 4; lastKnownFileType = file.xib; path = ImageCollectionViewCell.xib; sourceTree = "<group>"; };
		661416AB20F295CB003A271D /* Images.xcassets */ = {isa = PBXFileReference; lastKnownFileType = folder.assetcatalog; path = Images.xcassets; sourceTree = "<group>"; };
		661416AC20F295CB003A271D /* Info.plist */ = {isa = PBXFileReference; fileEncoding = 4; lastKnownFileType = text.plist.xml; path = Info.plist; sourceTree = "<group>"; };
		661416AD20F295CB003A271D /* InformationCollectionReusableView.swift */ = {isa = PBXFileReference; fileEncoding = 4; lastKnownFileType = sourcecode.swift; path = InformationCollectionReusableView.swift; sourceTree = "<group>"; };
		661416AE20F295CB003A271D /* InformationCollectionReusableView.xib */ = {isa = PBXFileReference; fileEncoding = 4; lastKnownFileType = file.xib; path = InformationCollectionReusableView.xib; sourceTree = "<group>"; };
		661416AF20F295CB003A271D /* InformationHeaderFooterView.swift */ = {isa = PBXFileReference; fileEncoding = 4; lastKnownFileType = sourcecode.swift; path = InformationHeaderFooterView.swift; sourceTree = "<group>"; };
		661416B020F295CB003A271D /* InformationHeaderFooterView.xib */ = {isa = PBXFileReference; fileEncoding = 4; lastKnownFileType = file.xib; path = InformationHeaderFooterView.xib; sourceTree = "<group>"; };
		661416B120F295CB003A271D /* MenuViewController.swift */ = {isa = PBXFileReference; fileEncoding = 4; lastKnownFileType = sourcecode.swift; path = MenuViewController.swift; sourceTree = "<group>"; };
		661416B220F295CB003A271D /* Middleware.swift */ = {isa = PBXFileReference; fileEncoding = 4; lastKnownFileType = sourcecode.swift; path = Middleware.swift; sourceTree = "<group>"; };
		661416B320F295CB003A271D /* MiddlewareViewController.swift */ = {isa = PBXFileReference; fileEncoding = 4; lastKnownFileType = sourcecode.swift; path = MiddlewareViewController.swift; sourceTree = "<group>"; };
		661416B420F295CB003A271D /* SubtitleTableViewCell.swift */ = {isa = PBXFileReference; fileEncoding = 4; lastKnownFileType = sourcecode.swift; path = SubtitleTableViewCell.swift; sourceTree = "<group>"; };
		661416CA20F2964F003A271D /* Sorcery.podspec */ = {isa = PBXFileReference; fileEncoding = 4; lastKnownFileType = text; name = Sorcery.podspec; path = ../Sorcery.podspec; sourceTree = "<group>"; };
		66CD41C620DC7E030045E2AD /* SorceryTests.xctest */ = {isa = PBXFileReference; explicitFileType = wrapper.cfbundle; includeInIndex = 0; path = SorceryTests.xctest; sourceTree = BUILT_PRODUCTS_DIR; };
		66CD41C820DC7E030045E2AD /* SorceryTests.swift */ = {isa = PBXFileReference; lastKnownFileType = sourcecode.swift; path = SorceryTests.swift; sourceTree = "<group>"; };
		66CD41CA20DC7E030045E2AD /* Info.plist */ = {isa = PBXFileReference; lastKnownFileType = text.plist.xml; path = Info.plist; sourceTree = "<group>"; };
		845312344886411B746B011C /* LICENSE */ = {isa = PBXFileReference; includeInIndex = 1; lastKnownFileType = text; name = LICENSE; path = ../LICENSE; sourceTree = "<group>"; };
		9C65F17F9CA29D25BFA369B9 /* Pods-Sorcery_Example.release.xcconfig */ = {isa = PBXFileReference; includeInIndex = 1; lastKnownFileType = text.xcconfig; name = "Pods-Sorcery_Example.release.xcconfig"; path = "Pods/Target Support Files/Pods-Sorcery_Example/Pods-Sorcery_Example.release.xcconfig"; sourceTree = "<group>"; };
		BF9C8F3C43CC342446B37DF0 /* README.md */ = {isa = PBXFileReference; includeInIndex = 1; lastKnownFileType = net.daringfireball.markdown; name = README.md; path = ../README.md; sourceTree = "<group>"; };
		C432CD6EE5E529C39CA7E815 /* Pods-Sorcery_Example.debug.xcconfig */ = {isa = PBXFileReference; includeInIndex = 1; lastKnownFileType = text.xcconfig; name = "Pods-Sorcery_Example.debug.xcconfig"; path = "Pods/Target Support Files/Pods-Sorcery_Example/Pods-Sorcery_Example.debug.xcconfig"; sourceTree = "<group>"; };
		CEA5FF71DB17544FA6CC848A /* Pods-Sorcery_Example-SorceryTests.release.xcconfig */ = {isa = PBXFileReference; includeInIndex = 1; lastKnownFileType = text.xcconfig; name = "Pods-Sorcery_Example-SorceryTests.release.xcconfig"; path = "Pods/Target Support Files/Pods-Sorcery_Example-SorceryTests/Pods-Sorcery_Example-SorceryTests.release.xcconfig"; sourceTree = "<group>"; };
/* End PBXFileReference section */

/* Begin PBXFrameworksBuildPhase section */
		607FACCD1AFB9204008FA782 /* Frameworks */ = {
			isa = PBXFrameworksBuildPhase;
			buildActionMask = 2147483647;
			files = (
				D67D829262BB15114F02DE72 /* Pods_Sorcery_Example.framework in Frameworks */,
			);
			runOnlyForDeploymentPostprocessing = 0;
		};
		66CD41C320DC7E030045E2AD /* Frameworks */ = {
			isa = PBXFrameworksBuildPhase;
			buildActionMask = 2147483647;
			files = (
				8674CDE978D90661F1B29929 /* Pods_Sorcery_Example_SorceryTests.framework in Frameworks */,
			);
			runOnlyForDeploymentPostprocessing = 0;
		};
/* End PBXFrameworksBuildPhase section */

/* Begin PBXGroup section */
		2705DA0C14C92AD35A83386E /* Pods */ = {
			isa = PBXGroup;
			children = (
				C432CD6EE5E529C39CA7E815 /* Pods-Sorcery_Example.debug.xcconfig */,
				9C65F17F9CA29D25BFA369B9 /* Pods-Sorcery_Example.release.xcconfig */,
				5870648FE14B89B3067D13D5 /* Pods-Sorcery_Example-SorceryTests.debug.xcconfig */,
				CEA5FF71DB17544FA6CC848A /* Pods-Sorcery_Example-SorceryTests.release.xcconfig */,
			);
			name = Pods;
			sourceTree = "<group>";
		};
		607FACC71AFB9204008FA782 = {
			isa = PBXGroup;
			children = (
				6614169D20F295CB003A271D /* Sorcery */,
				607FACF51AFB993E008FA782 /* Podspec Metadata */,
				66CD41C720DC7E030045E2AD /* SorceryTests */,
				607FACD11AFB9204008FA782 /* Products */,
				2705DA0C14C92AD35A83386E /* Pods */,
				7A3C49E629CE863AAEAC4ED4 /* Frameworks */,
			);
			sourceTree = "<group>";
		};
		607FACD11AFB9204008FA782 /* Products */ = {
			isa = PBXGroup;
			children = (
				607FACD01AFB9204008FA782 /* Sorcery_Example.app */,
				66CD41C620DC7E030045E2AD /* SorceryTests.xctest */,
			);
			name = Products;
			sourceTree = "<group>";
		};
		607FACF51AFB993E008FA782 /* Podspec Metadata */ = {
			isa = PBXGroup;
			children = (
				661416CA20F2964F003A271D /* Sorcery.podspec */,
				BF9C8F3C43CC342446B37DF0 /* README.md */,
				845312344886411B746B011C /* LICENSE */,
			);
			name = "Podspec Metadata";
			sourceTree = "<group>";
		};
		6614169D20F295CB003A271D /* Sorcery */ = {
			isa = PBXGroup;
			children = (
				661416AC20F295CB003A271D /* Info.plist */,
				6614169E20F295CB003A271D /* AppDelegate.swift */,
				661416AB20F295CB003A271D /* Images.xcassets */,
				661416CE20F296F9003A271D /* Util */,
				661416CC20F296A9003A271D /* View Controllers */,
				661416CD20F296E6003A271D /* Views */,
			);
			path = Sorcery;
			sourceTree = "<group>";
		};
		661416CC20F296A9003A271D /* View Controllers */ = {
			isa = PBXGroup;
			children = (
				661416A720F295CB003A271D /* EditingViewController.swift */,
				661416A820F295CB003A271D /* ExampleCollectionViewController.swift */,
				661416B320F295CB003A271D /* MiddlewareViewController.swift */,
				661416B120F295CB003A271D /* MenuViewController.swift */,
				661416A620F295CB003A271D /* CellTypesTableViewController.swift */,
			);
			path = "View Controllers";
			sourceTree = "<group>";
		};
		661416CD20F296E6003A271D /* Views */ = {
			isa = PBXGroup;
			children = (
				661416A020F295CB003A271D /* LaunchScreen.xib */,
				661416A420F295CB003A271D /* BedazzledTableViewCell.swift */,
				661416A520F295CB003A271D /* BedazzledTableViewCell.xib */,
				661416A920F295CB003A271D /* ImageCollectionViewCell.swift */,
				661416AA20F295CB003A271D /* ImageCollectionViewCell.xib */,
				661416AD20F295CB003A271D /* InformationCollectionReusableView.swift */,
				661416AE20F295CB003A271D /* InformationCollectionReusableView.xib */,
				661416AF20F295CB003A271D /* InformationHeaderFooterView.swift */,
				661416B020F295CB003A271D /* InformationHeaderFooterView.xib */,
				661416B420F295CB003A271D /* SubtitleTableViewCell.swift */,
			);
			path = Views;
			sourceTree = "<group>";
		};
		661416CE20F296F9003A271D /* Util */ = {
			isa = PBXGroup;
			children = (
				661416B220F295CB003A271D /* Middleware.swift */,
				6614169F20F295CB003A271D /* Array.swift */,
			);
			path = Util;
			sourceTree = "<group>";
		};
		66CD41C720DC7E030045E2AD /* SorceryTests */ = {
			isa = PBXGroup;
			children = (
				66CD41C820DC7E030045E2AD /* SorceryTests.swift */,
				66CD41CA20DC7E030045E2AD /* Info.plist */,
			);
			path = SorceryTests;
			sourceTree = "<group>";
		};
		7A3C49E629CE863AAEAC4ED4 /* Frameworks */ = {
			isa = PBXGroup;
			children = (
				459AE6629C3C997CCFD80D14 /* Pods_Sorcery_Example.framework */,
				1E675341B121D8C1C05D5F2F /* Pods_Sorcery_Example_SorceryTests.framework */,
			);
			name = Frameworks;
			sourceTree = "<group>";
		};
/* End PBXGroup section */

/* Begin PBXNativeTarget section */
		607FACCF1AFB9204008FA782 /* Sorcery_Example */ = {
			isa = PBXNativeTarget;
			buildConfigurationList = 607FACEF1AFB9204008FA782 /* Build configuration list for PBXNativeTarget "Sorcery_Example" */;
			buildPhases = (
				0DF7D8F1F55A356664D11A89 /* [CP] Check Pods Manifest.lock */,
				607FACCC1AFB9204008FA782 /* Sources */,
				607FACCD1AFB9204008FA782 /* Frameworks */,
				607FACCE1AFB9204008FA782 /* Resources */,
				96FE2C6C73BACA4585439C97 /* [CP] Embed Pods Frameworks */,
			);
			buildRules = (
			);
			dependencies = (
			);
			name = Sorcery_Example;
			productName = Sorcery;
			productReference = 607FACD01AFB9204008FA782 /* Sorcery_Example.app */;
			productType = "com.apple.product-type.application";
		};
		66CD41C520DC7E030045E2AD /* SorceryTests */ = {
			isa = PBXNativeTarget;
			buildConfigurationList = 66CD41CD20DC7E030045E2AD /* Build configuration list for PBXNativeTarget "SorceryTests" */;
			buildPhases = (
				944CE53BD31E3BA16193310D /* [CP] Check Pods Manifest.lock */,
				66CD41C220DC7E030045E2AD /* Sources */,
				66CD41C320DC7E030045E2AD /* Frameworks */,
				66CD41C420DC7E030045E2AD /* Resources */,
				4525506145486CEDF3E8355E /* [CP] Embed Pods Frameworks */,
			);
			buildRules = (
			);
			dependencies = (
				66CD41CC20DC7E030045E2AD /* PBXTargetDependency */,
			);
			name = SorceryTests;
			productName = SorceryTests;
			productReference = 66CD41C620DC7E030045E2AD /* SorceryTests.xctest */;
			productType = "com.apple.product-type.bundle.unit-test";
		};
/* End PBXNativeTarget section */

/* Begin PBXProject section */
		607FACC81AFB9204008FA782 /* Project object */ = {
			isa = PBXProject;
			attributes = {
				LastSwiftUpdateCheck = 0940;
				LastUpgradeCheck = 0810;
				ORGANIZATIONNAME = CocoaPods;
				TargetAttributes = {
					607FACCF1AFB9204008FA782 = {
						CreatedOnToolsVersion = 6.3.1;
						DevelopmentTeam = LRNC44UMYU;
						LastSwiftMigration = 0810;
					};
					66CD41C520DC7E030045E2AD = {
						CreatedOnToolsVersion = 9.4.1;
						DevelopmentTeam = LRNC44UMYU;
						ProvisioningStyle = Automatic;
						TestTargetID = 607FACCF1AFB9204008FA782;
					};
				};
			};
			buildConfigurationList = 607FACCB1AFB9204008FA782 /* Build configuration list for PBXProject "Sorcery" */;
			compatibilityVersion = "Xcode 3.2";
			developmentRegion = English;
			hasScannedForEncodings = 0;
			knownRegions = (
				en,
				Base,
			);
			mainGroup = 607FACC71AFB9204008FA782;
			productRefGroup = 607FACD11AFB9204008FA782 /* Products */;
			projectDirPath = "";
			projectRoot = "";
			targets = (
				607FACCF1AFB9204008FA782 /* Sorcery_Example */,
				66CD41C520DC7E030045E2AD /* SorceryTests */,
			);
		};
/* End PBXProject section */

/* Begin PBXResourcesBuildPhase section */
		607FACCE1AFB9204008FA782 /* Resources */ = {
			isa = PBXResourcesBuildPhase;
			buildActionMask = 2147483647;
			files = (
				661416C320F295CB003A271D /* InformationCollectionReusableView.xib in Resources */,
				661416C520F295CB003A271D /* InformationHeaderFooterView.xib in Resources */,
				661416CB20F2964F003A271D /* Sorcery.podspec in Resources */,
				661416C020F295CB003A271D /* Images.xcassets in Resources */,
				661416C120F295CB003A271D /* Info.plist in Resources */,
				661416BA20F295CB003A271D /* BedazzledTableViewCell.xib in Resources */,
				661416BF20F295CB003A271D /* ImageCollectionViewCell.xib in Resources */,
				661416B720F295CB003A271D /* LaunchScreen.xib in Resources */,
			);
			runOnlyForDeploymentPostprocessing = 0;
		};
		66CD41C420DC7E030045E2AD /* Resources */ = {
			isa = PBXResourcesBuildPhase;
			buildActionMask = 2147483647;
			files = (
			);
			runOnlyForDeploymentPostprocessing = 0;
		};
/* End PBXResourcesBuildPhase section */

/* Begin PBXShellScriptBuildPhase section */
		0DF7D8F1F55A356664D11A89 /* [CP] Check Pods Manifest.lock */ = {
			isa = PBXShellScriptBuildPhase;
			buildActionMask = 2147483647;
			files = (
			);
			inputPaths = (
				"${PODS_PODFILE_DIR_PATH}/Podfile.lock",
				"${PODS_ROOT}/Manifest.lock",
			);
			name = "[CP] Check Pods Manifest.lock";
			outputPaths = (
				"$(DERIVED_FILE_DIR)/Pods-Sorcery_Example-checkManifestLockResult.txt",
			);
			runOnlyForDeploymentPostprocessing = 0;
			shellPath = /bin/sh;
			shellScript = "diff \"${PODS_PODFILE_DIR_PATH}/Podfile.lock\" \"${PODS_ROOT}/Manifest.lock\" > /dev/null\nif [ $? != 0 ] ; then\n    # print error to STDERR\n    echo \"error: The sandbox is not in sync with the Podfile.lock. Run 'pod install' or update your CocoaPods installation.\" >&2\n    exit 1\nfi\n# This output is used by Xcode 'outputs' to avoid re-running this script phase.\necho \"SUCCESS\" > \"${SCRIPT_OUTPUT_FILE_0}\"\n";
			showEnvVarsInLog = 0;
		};
		4525506145486CEDF3E8355E /* [CP] Embed Pods Frameworks */ = {
			isa = PBXShellScriptBuildPhase;
			buildActionMask = 2147483647;
			files = (
			);
			inputPaths = (
				"${SRCROOT}/Pods/Target Support Files/Pods-Sorcery_Example-SorceryTests/Pods-Sorcery_Example-SorceryTests-frameworks.sh",
				"${BUILT_PRODUCTS_DIR}/Sorcery/Sorcery.framework",
				"${BUILT_PRODUCTS_DIR}/Nimble/Nimble.framework",
				"${BUILT_PRODUCTS_DIR}/Quick/Quick.framework",
			);
			name = "[CP] Embed Pods Frameworks";
			outputPaths = (
				"${TARGET_BUILD_DIR}/${FRAMEWORKS_FOLDER_PATH}/Sorcery.framework",
				"${TARGET_BUILD_DIR}/${FRAMEWORKS_FOLDER_PATH}/Nimble.framework",
				"${TARGET_BUILD_DIR}/${FRAMEWORKS_FOLDER_PATH}/Quick.framework",
			);
			runOnlyForDeploymentPostprocessing = 0;
			shellPath = /bin/sh;
			shellScript = "\"${SRCROOT}/Pods/Target Support Files/Pods-Sorcery_Example-SorceryTests/Pods-Sorcery_Example-SorceryTests-frameworks.sh\"\n";
			showEnvVarsInLog = 0;
		};
		944CE53BD31E3BA16193310D /* [CP] Check Pods Manifest.lock */ = {
			isa = PBXShellScriptBuildPhase;
			buildActionMask = 2147483647;
			files = (
			);
			inputPaths = (
				"${PODS_PODFILE_DIR_PATH}/Podfile.lock",
				"${PODS_ROOT}/Manifest.lock",
			);
			name = "[CP] Check Pods Manifest.lock";
			outputPaths = (
				"$(DERIVED_FILE_DIR)/Pods-Sorcery_Example-SorceryTests-checkManifestLockResult.txt",
			);
			runOnlyForDeploymentPostprocessing = 0;
			shellPath = /bin/sh;
			shellScript = "diff \"${PODS_PODFILE_DIR_PATH}/Podfile.lock\" \"${PODS_ROOT}/Manifest.lock\" > /dev/null\nif [ $? != 0 ] ; then\n    # print error to STDERR\n    echo \"error: The sandbox is not in sync with the Podfile.lock. Run 'pod install' or update your CocoaPods installation.\" >&2\n    exit 1\nfi\n# This output is used by Xcode 'outputs' to avoid re-running this script phase.\necho \"SUCCESS\" > \"${SCRIPT_OUTPUT_FILE_0}\"\n";
			showEnvVarsInLog = 0;
		};
		96FE2C6C73BACA4585439C97 /* [CP] Embed Pods Frameworks */ = {
			isa = PBXShellScriptBuildPhase;
			buildActionMask = 2147483647;
			files = (
			);
			inputPaths = (
				"${SRCROOT}/Pods/Target Support Files/Pods-Sorcery_Example/Pods-Sorcery_Example-frameworks.sh",
				"${BUILT_PRODUCTS_DIR}/Sorcery/Sorcery.framework",
			);
			name = "[CP] Embed Pods Frameworks";
			outputPaths = (
				"${TARGET_BUILD_DIR}/${FRAMEWORKS_FOLDER_PATH}/Sorcery.framework",
			);
			runOnlyForDeploymentPostprocessing = 0;
			shellPath = /bin/sh;
			shellScript = "\"${SRCROOT}/Pods/Target Support Files/Pods-Sorcery_Example/Pods-Sorcery_Example-frameworks.sh\"\n";
			showEnvVarsInLog = 0;
		};
/* End PBXShellScriptBuildPhase section */

/* Begin PBXSourcesBuildPhase section */
		607FACCC1AFB9204008FA782 /* Sources */ = {
			isa = PBXSourcesBuildPhase;
			buildActionMask = 2147483647;
			files = (
				661416B520F295CB003A271D /* AppDelegate.swift in Sources */,
				661416C620F295CB003A271D /* MenuViewController.swift in Sources */,
				661416C720F295CB003A271D /* Middleware.swift in Sources */,
				661416BD20F295CB003A271D /* ExampleCollectionViewController.swift in Sources */,
				661416C220F295CB003A271D /* InformationCollectionReusableView.swift in Sources */,
				661416BB20F295CB003A271D /* CellTypesTableViewController.swift in Sources */,
				661416C820F295CB003A271D /* MiddlewareViewController.swift in Sources */,
				661416BE20F295CB003A271D /* ImageCollectionViewCell.swift in Sources */,
				661416B620F295CB003A271D /* Array.swift in Sources */,
				661416C920F295CB003A271D /* SubtitleTableViewCell.swift in Sources */,
				661416BC20F295CB003A271D /* EditingViewController.swift in Sources */,
				661416B920F295CB003A271D /* BedazzledTableViewCell.swift in Sources */,
				661416C420F295CB003A271D /* InformationHeaderFooterView.swift in Sources */,
			);
			runOnlyForDeploymentPostprocessing = 0;
		};
		66CD41C220DC7E030045E2AD /* Sources */ = {
			isa = PBXSourcesBuildPhase;
			buildActionMask = 2147483647;
			files = (
				66CD41C920DC7E030045E2AD /* SorceryTests.swift in Sources */,
			);
			runOnlyForDeploymentPostprocessing = 0;
		};
/* End PBXSourcesBuildPhase section */

/* Begin PBXTargetDependency section */
		66CD41CC20DC7E030045E2AD /* PBXTargetDependency */ = {
			isa = PBXTargetDependency;
			target = 607FACCF1AFB9204008FA782 /* Sorcery_Example */;
			targetProxy = 66CD41CB20DC7E030045E2AD /* PBXContainerItemProxy */;
		};
/* End PBXTargetDependency section */

/* Begin PBXVariantGroup section */
		661416A020F295CB003A271D /* LaunchScreen.xib */ = {
			isa = PBXVariantGroup;
			children = (
				661416A120F295CB003A271D /* Base */,
			);
			name = LaunchScreen.xib;
			sourceTree = "<group>";
		};
/* End PBXVariantGroup section */

/* Begin XCBuildConfiguration section */
		607FACED1AFB9204008FA782 /* Debug */ = {
			isa = XCBuildConfiguration;
			buildSettings = {
				ALWAYS_SEARCH_USER_PATHS = NO;
				CLANG_CXX_LANGUAGE_STANDARD = "gnu++0x";
				CLANG_CXX_LIBRARY = "libc++";
				CLANG_ENABLE_MODULES = YES;
				CLANG_ENABLE_OBJC_ARC = YES;
				CLANG_WARN_BOOL_CONVERSION = YES;
				CLANG_WARN_CONSTANT_CONVERSION = YES;
				CLANG_WARN_DIRECT_OBJC_ISA_USAGE = YES_ERROR;
				CLANG_WARN_EMPTY_BODY = YES;
				CLANG_WARN_ENUM_CONVERSION = YES;
				CLANG_WARN_INFINITE_RECURSION = YES;
				CLANG_WARN_INT_CONVERSION = YES;
				CLANG_WARN_OBJC_ROOT_CLASS = YES_ERROR;
				CLANG_WARN_SUSPICIOUS_MOVE = YES;
				CLANG_WARN_UNREACHABLE_CODE = YES;
				CLANG_WARN__DUPLICATE_METHOD_MATCH = YES;
				"CODE_SIGN_IDENTITY[sdk=iphoneos*]" = "iPhone Developer";
				COPY_PHASE_STRIP = NO;
				DEBUG_INFORMATION_FORMAT = "dwarf-with-dsym";
				ENABLE_STRICT_OBJC_MSGSEND = YES;
				ENABLE_TESTABILITY = YES;
				GCC_C_LANGUAGE_STANDARD = gnu99;
				GCC_DYNAMIC_NO_PIC = NO;
				GCC_NO_COMMON_BLOCKS = YES;
				GCC_OPTIMIZATION_LEVEL = 0;
				GCC_PREPROCESSOR_DEFINITIONS = (
					"DEBUG=1",
					"$(inherited)",
				);
				GCC_SYMBOLS_PRIVATE_EXTERN = NO;
				GCC_WARN_64_TO_32_BIT_CONVERSION = YES;
				GCC_WARN_ABOUT_RETURN_TYPE = YES_ERROR;
				GCC_WARN_UNDECLARED_SELECTOR = YES;
				GCC_WARN_UNINITIALIZED_AUTOS = YES_AGGRESSIVE;
				GCC_WARN_UNUSED_FUNCTION = YES;
				GCC_WARN_UNUSED_VARIABLE = YES;
				IPHONEOS_DEPLOYMENT_TARGET = 9.3;
				MTL_ENABLE_DEBUG_INFO = YES;
				ONLY_ACTIVE_ARCH = YES;
				SDKROOT = iphoneos;
				SWIFT_OPTIMIZATION_LEVEL = "-Onone";
			};
			name = Debug;
		};
		607FACEE1AFB9204008FA782 /* Release */ = {
			isa = XCBuildConfiguration;
			buildSettings = {
				ALWAYS_SEARCH_USER_PATHS = NO;
				CLANG_CXX_LANGUAGE_STANDARD = "gnu++0x";
				CLANG_CXX_LIBRARY = "libc++";
				CLANG_ENABLE_MODULES = YES;
				CLANG_ENABLE_OBJC_ARC = YES;
				CLANG_WARN_BOOL_CONVERSION = YES;
				CLANG_WARN_CONSTANT_CONVERSION = YES;
				CLANG_WARN_DIRECT_OBJC_ISA_USAGE = YES_ERROR;
				CLANG_WARN_EMPTY_BODY = YES;
				CLANG_WARN_ENUM_CONVERSION = YES;
				CLANG_WARN_INFINITE_RECURSION = YES;
				CLANG_WARN_INT_CONVERSION = YES;
				CLANG_WARN_OBJC_ROOT_CLASS = YES_ERROR;
				CLANG_WARN_SUSPICIOUS_MOVE = YES;
				CLANG_WARN_UNREACHABLE_CODE = YES;
				CLANG_WARN__DUPLICATE_METHOD_MATCH = YES;
				"CODE_SIGN_IDENTITY[sdk=iphoneos*]" = "iPhone Developer";
				COPY_PHASE_STRIP = NO;
				DEBUG_INFORMATION_FORMAT = "dwarf-with-dsym";
				ENABLE_NS_ASSERTIONS = NO;
				ENABLE_STRICT_OBJC_MSGSEND = YES;
				GCC_C_LANGUAGE_STANDARD = gnu99;
				GCC_NO_COMMON_BLOCKS = YES;
				GCC_WARN_64_TO_32_BIT_CONVERSION = YES;
				GCC_WARN_ABOUT_RETURN_TYPE = YES_ERROR;
				GCC_WARN_UNDECLARED_SELECTOR = YES;
				GCC_WARN_UNINITIALIZED_AUTOS = YES_AGGRESSIVE;
				GCC_WARN_UNUSED_FUNCTION = YES;
				GCC_WARN_UNUSED_VARIABLE = YES;
				IPHONEOS_DEPLOYMENT_TARGET = 9.3;
				MTL_ENABLE_DEBUG_INFO = NO;
				SDKROOT = iphoneos;
				SWIFT_OPTIMIZATION_LEVEL = "-Owholemodule";
				VALIDATE_PRODUCT = YES;
			};
			name = Release;
		};
		607FACF01AFB9204008FA782 /* Debug */ = {
			isa = XCBuildConfiguration;
			baseConfigurationReference = C432CD6EE5E529C39CA7E815 /* Pods-Sorcery_Example.debug.xcconfig */;
			buildSettings = {
				ALWAYS_EMBED_SWIFT_STANDARD_LIBRARIES = YES;
				ASSETCATALOG_COMPILER_APPICON_NAME = AppIcon;
				DEVELOPMENT_TEAM = LRNC44UMYU;
				INFOPLIST_FILE = Sorcery/Info.plist;
				LD_RUNPATH_SEARCH_PATHS = "$(inherited) @executable_path/Frameworks";
				MODULE_NAME = ExampleApp;
				PRODUCT_BUNDLE_IDENTIFIER = "org.cocoapods.demo.$(PRODUCT_NAME:rfc1034identifier)";
				PRODUCT_NAME = "$(TARGET_NAME)";
				SWIFT_VERSION = 3.0;
			};
			name = Debug;
		};
		607FACF11AFB9204008FA782 /* Release */ = {
			isa = XCBuildConfiguration;
			baseConfigurationReference = 9C65F17F9CA29D25BFA369B9 /* Pods-Sorcery_Example.release.xcconfig */;
			buildSettings = {
				ALWAYS_EMBED_SWIFT_STANDARD_LIBRARIES = YES;
				ASSETCATALOG_COMPILER_APPICON_NAME = AppIcon;
				DEVELOPMENT_TEAM = LRNC44UMYU;
				INFOPLIST_FILE = Sorcery/Info.plist;
				LD_RUNPATH_SEARCH_PATHS = "$(inherited) @executable_path/Frameworks";
				MODULE_NAME = ExampleApp;
				PRODUCT_BUNDLE_IDENTIFIER = "org.cocoapods.demo.$(PRODUCT_NAME:rfc1034identifier)";
				PRODUCT_NAME = "$(TARGET_NAME)";
				SWIFT_VERSION = 3.0;
			};
			name = Release;
		};
		66CD41CE20DC7E030045E2AD /* Debug */ = {
			isa = XCBuildConfiguration;
			baseConfigurationReference = 5870648FE14B89B3067D13D5 /* Pods-Sorcery_Example-SorceryTests.debug.xcconfig */;
			buildSettings = {
				ALWAYS_EMBED_SWIFT_STANDARD_LIBRARIES = YES;
				BUNDLE_LOADER = "$(TEST_HOST)";
				CLANG_ANALYZER_NONNULL = YES;
				CLANG_ANALYZER_NUMBER_OBJECT_CONVERSION = YES_AGGRESSIVE;
				CLANG_CXX_LANGUAGE_STANDARD = "gnu++14";
				CLANG_ENABLE_OBJC_WEAK = YES;
				CLANG_WARN_BLOCK_CAPTURE_AUTORELEASING = YES;
				CLANG_WARN_COMMA = YES;
				CLANG_WARN_DEPRECATED_OBJC_IMPLEMENTATIONS = YES;
				CLANG_WARN_DOCUMENTATION_COMMENTS = YES;
				CLANG_WARN_NON_LITERAL_NULL_CONVERSION = YES;
				CLANG_WARN_OBJC_IMPLICIT_RETAIN_SELF = YES;
				CLANG_WARN_OBJC_LITERAL_CONVERSION = YES;
				CLANG_WARN_RANGE_LOOP_ANALYSIS = YES;
				CLANG_WARN_STRICT_PROTOTYPES = YES;
				CLANG_WARN_UNGUARDED_AVAILABILITY = YES_AGGRESSIVE;
				CODE_SIGN_IDENTITY = "iPhone Developer";
				CODE_SIGN_STYLE = Automatic;
				DEBUG_INFORMATION_FORMAT = dwarf;
				DEVELOPMENT_TEAM = LRNC44UMYU;
				GCC_C_LANGUAGE_STANDARD = gnu11;
				INFOPLIST_FILE = SorceryTests/Info.plist;
				IPHONEOS_DEPLOYMENT_TARGET = 11.4;
				LD_RUNPATH_SEARCH_PATHS = "$(inherited) @executable_path/Frameworks @loader_path/Frameworks";
				PRODUCT_BUNDLE_IDENTIFIER = com.adamcumiskey.SorceryTests;
				PRODUCT_NAME = "$(TARGET_NAME)";
				SWIFT_ACTIVE_COMPILATION_CONDITIONS = DEBUG;
				SWIFT_VERSION = 4.0;
				TARGETED_DEVICE_FAMILY = "1,2";
				TEST_HOST = "$(BUILT_PRODUCTS_DIR)/Sorcery_Example.app/Sorcery_Example";
			};
			name = Debug;
		};
		66CD41CF20DC7E030045E2AD /* Release */ = {
			isa = XCBuildConfiguration;
			baseConfigurationReference = CEA5FF71DB17544FA6CC848A /* Pods-Sorcery_Example-SorceryTests.release.xcconfig */;
			buildSettings = {
				ALWAYS_EMBED_SWIFT_STANDARD_LIBRARIES = YES;
				BUNDLE_LOADER = "$(TEST_HOST)";
				CLANG_ANALYZER_NONNULL = YES;
				CLANG_ANALYZER_NUMBER_OBJECT_CONVERSION = YES_AGGRESSIVE;
				CLANG_CXX_LANGUAGE_STANDARD = "gnu++14";
				CLANG_ENABLE_OBJC_WEAK = YES;
				CLANG_WARN_BLOCK_CAPTURE_AUTORELEASING = YES;
				CLANG_WARN_COMMA = YES;
				CLANG_WARN_DEPRECATED_OBJC_IMPLEMENTATIONS = YES;
				CLANG_WARN_DOCUMENTATION_COMMENTS = YES;
				CLANG_WARN_NON_LITERAL_NULL_CONVERSION = YES;
				CLANG_WARN_OBJC_IMPLICIT_RETAIN_SELF = YES;
				CLANG_WARN_OBJC_LITERAL_CONVERSION = YES;
				CLANG_WARN_RANGE_LOOP_ANALYSIS = YES;
				CLANG_WARN_STRICT_PROTOTYPES = YES;
				CLANG_WARN_UNGUARDED_AVAILABILITY = YES_AGGRESSIVE;
				CODE_SIGN_IDENTITY = "iPhone Developer";
				CODE_SIGN_STYLE = Automatic;
				DEVELOPMENT_TEAM = LRNC44UMYU;
				GCC_C_LANGUAGE_STANDARD = gnu11;
				INFOPLIST_FILE = SorceryTests/Info.plist;
				IPHONEOS_DEPLOYMENT_TARGET = 11.4;
				LD_RUNPATH_SEARCH_PATHS = "$(inherited) @executable_path/Frameworks @loader_path/Frameworks";
				PRODUCT_BUNDLE_IDENTIFIER = com.adamcumiskey.SorceryTests;
				PRODUCT_NAME = "$(TARGET_NAME)";
				SWIFT_VERSION = 4.0;
				TARGETED_DEVICE_FAMILY = "1,2";
				TEST_HOST = "$(BUILT_PRODUCTS_DIR)/Sorcery_Example.app/Sorcery_Example";
			};
			name = Release;
		};
/* End XCBuildConfiguration section */

/* Begin XCConfigurationList section */
		607FACCB1AFB9204008FA782 /* Build configuration list for PBXProject "Sorcery" */ = {
			isa = XCConfigurationList;
			buildConfigurations = (
				607FACED1AFB9204008FA782 /* Debug */,
				607FACEE1AFB9204008FA782 /* Release */,
			);
			defaultConfigurationIsVisible = 0;
			defaultConfigurationName = Release;
		};
		607FACEF1AFB9204008FA782 /* Build configuration list for PBXNativeTarget "Sorcery_Example" */ = {
			isa = XCConfigurationList;
			buildConfigurations = (
				607FACF01AFB9204008FA782 /* Debug */,
				607FACF11AFB9204008FA782 /* Release */,
			);
			defaultConfigurationIsVisible = 0;
			defaultConfigurationName = Release;
		};
		66CD41CD20DC7E030045E2AD /* Build configuration list for PBXNativeTarget "SorceryTests" */ = {
			isa = XCConfigurationList;
			buildConfigurations = (
				66CD41CE20DC7E030045E2AD /* Debug */,
				66CD41CF20DC7E030045E2AD /* Release */,
			);
			defaultConfigurationIsVisible = 0;
			defaultConfigurationName = Release;
		};
/* End XCConfigurationList section */
	};
	rootObject = 607FACC81AFB9204008FA782 /* Project object */;
}
